
Microsoft Visual Studio Solution File, Format Version 12.00
# Visual Studio Version 17
VisualStudioVersion = 17.3.32825.248
MinimumVisualStudioVersion = 10.0.40219.1
Project("{FAE04EC0-301F-11D3-BF4B-00C04F79EFBC}") = "rummikubGame", "rummikubGame\rummikubGame.csproj", "{D2B0F4A5-AF2C-4119-8AA0-DBA29294B179}"
EndProject
Global
	GlobalSection(SolutionConfigurationPlatforms) = preSolution
		Debug|Any CPU = Debug|Any CPU
		Release|Any CPU = Release|Any CPU
	EndGlobalSection
	GlobalSection(ProjectConfigurationPlatforms) = postSolution
		{D2B0F4A5-AF2C-4119-8AA0-DBA29294B179}.Debug|Any CPU.ActiveCfg = Debug|Any CPU
		{D2B0F4A5-AF2C-4119-8AA0-DBA29294B179}.Debug|Any CPU.Build.0 = Debug|Any CPU
		{D2B0F4A5-AF2C-4119-8AA0-DBA29294B179}.Release|Any CPU.ActiveCfg = Release|Any CPU
		{D2B0F4A5-AF2C-4119-8AA0-DBA29294B179}.Release|Any CPU.Build.0 = Release|Any CPU
	EndGlobalSection
	GlobalSection(SolutionProperties) = preSolution
		HideSolutionNode = FALSE
	EndGlobalSection
	GlobalSection(ExtensibilityGlobals) = postSolution
		SolutionGuid = {63438994-3F0A-403C-81F8-D3423DF165C4}
	EndGlobalSection
EndGlobal
